
Microsoft Visual Studio Solution File, Format Version 12.00
Project("{FAE04EC0-301F-11D3-BF4B-00C04F79EFBC}") = "DotNetSnippets", "DotNetSnippets\DotNetSnippets.csproj", "{2E339517-607E-4B53-A605-C24253410027}"
EndProject
Global
	GlobalSection(SolutionConfigurationPlatforms) = preSolution
		Debug|Any CPU = Debug|Any CPU
		Release|Any CPU = Release|Any CPU
	EndGlobalSection
	GlobalSection(ProjectConfigurationPlatforms) = postSolution
		{2E339517-607E-4B53-A605-C24253410027}.Debug|Any CPU.ActiveCfg = Debug|Any CPU
		{2E339517-607E-4B53-A605-C24253410027}.Debug|Any CPU.Build.0 = Debug|Any CPU
		{2E339517-607E-4B53-A605-C24253410027}.Release|Any CPU.ActiveCfg = Release|Any CPU
		{2E339517-607E-4B53-A605-C24253410027}.Release|Any CPU.Build.0 = Release|Any CPU
	EndGlobalSection
EndGlobal
